
Microsoft Visual Studio Solution File, Format Version 12.00
# Visual Studio Version 17
VisualStudioVersion = 17.10.35027.167
MinimumVisualStudioVersion = 10.0.40219.1
Project("{9A19103F-16F7-4668-BE54-9A1E7A4F7556}") = "KnowYourWatts.Server", "KnowYourWatts.Server\KnowYourWatts.Server.csproj", "{7C5BE3DB-BF4A-4546-AA4B-D683E0F5E7ED}"
	ProjectSection(ProjectDependencies) = postProject
		{8059EF81-DEBF-423F-9FA0-5B0C3ECD02FE} = {8059EF81-DEBF-423F-9FA0-5B0C3ECD02FE}
	EndProjectSection
EndProject
Project("{9A19103F-16F7-4668-BE54-9A1E7A4F7556}") = "KnowYourWatts.Server.DTO", "KnowYourWatts.DTO\KnowYourWatts.Server.DTO.csproj", "{8059EF81-DEBF-423F-9FA0-5B0C3ECD02FE}"
EndProject
Project("{9A19103F-16F7-4668-BE54-9A1E7A4F7556}") = "KnowYourWatts.Tests", "KnowYourWatts.Tests\KnowYourWatts.Tests.csproj", "{77B655DC-1D64-44DA-9CBC-5AFE5CF7358E}"
EndProject
Project("{9A19103F-16F7-4668-BE54-9A1E7A4F7556}") = "KnowYourWatts.MockDb", "KnowYourWatts.MockDb\KnowYourWatts.MockDb.csproj", "{762DD516-7308-4ACF-AF65-296F85F3DC91}"
EndProject
Project("{9A19103F-16F7-4668-BE54-9A1E7A4F7556}") = "KnowYourWatts.ClientUI", "KnowYourWatts.ClientUI\KnowYourWatts.ClientUI.csproj", "{DEA657AF-7A78-40CD-A4CD-497D73FCEBB9}"
EndProject
Project("{9A19103F-16F7-4668-BE54-9A1E7A4F7556}") = "KnowYourWatts.ClientUI.DTO", "KnowYourWatts.ClientUI.DTO\KnowYourWatts.ClientUI.DTO.csproj", "{A1BBBB0D-9595-4D7D-B41E-922B0A34E01C}"
EndProject
Global
	GlobalSection(SolutionConfigurationPlatforms) = preSolution
		Debug|Any CPU = Debug|Any CPU
		Release|Any CPU = Release|Any CPU
	EndGlobalSection
	GlobalSection(ProjectConfigurationPlatforms) = postSolution
		{7C5BE3DB-BF4A-4546-AA4B-D683E0F5E7ED}.Debug|Any CPU.ActiveCfg = Debug|Any CPU
		{7C5BE3DB-BF4A-4546-AA4B-D683E0F5E7ED}.Debug|Any CPU.Build.0 = Debug|Any CPU
		{7C5BE3DB-BF4A-4546-AA4B-D683E0F5E7ED}.Release|Any CPU.ActiveCfg = Release|Any CPU
		{7C5BE3DB-BF4A-4546-AA4B-D683E0F5E7ED}.Release|Any CPU.Build.0 = Release|Any CPU
		{8059EF81-DEBF-423F-9FA0-5B0C3ECD02FE}.Debug|Any CPU.ActiveCfg = Debug|Any CPU
		{8059EF81-DEBF-423F-9FA0-5B0C3ECD02FE}.Debug|Any CPU.Build.0 = Debug|Any CPU
		{8059EF81-DEBF-423F-9FA0-5B0C3ECD02FE}.Release|Any CPU.ActiveCfg = Release|Any CPU
		{8059EF81-DEBF-423F-9FA0-5B0C3ECD02FE}.Release|Any CPU.Build.0 = Release|Any CPU
		{77B655DC-1D64-44DA-9CBC-5AFE5CF7358E}.Debug|Any CPU.ActiveCfg = Debug|Any CPU
		{77B655DC-1D64-44DA-9CBC-5AFE5CF7358E}.Debug|Any CPU.Build.0 = Debug|Any CPU
		{77B655DC-1D64-44DA-9CBC-5AFE5CF7358E}.Release|Any CPU.ActiveCfg = Release|Any CPU
		{77B655DC-1D64-44DA-9CBC-5AFE5CF7358E}.Release|Any CPU.Build.0 = Release|Any CPU
		{762DD516-7308-4ACF-AF65-296F85F3DC91}.Debug|Any CPU.ActiveCfg = Debug|Any CPU
		{762DD516-7308-4ACF-AF65-296F85F3DC91}.Debug|Any CPU.Build.0 = Debug|Any CPU
		{762DD516-7308-4ACF-AF65-296F85F3DC91}.Release|Any CPU.ActiveCfg = Release|Any CPU
		{762DD516-7308-4ACF-AF65-296F85F3DC91}.Release|Any CPU.Build.0 = Release|Any CPU
		{DEA657AF-7A78-40CD-A4CD-497D73FCEBB9}.Debug|Any CPU.ActiveCfg = Debug|Any CPU
		{DEA657AF-7A78-40CD-A4CD-497D73FCEBB9}.Debug|Any CPU.Build.0 = Debug|Any CPU
		{DEA657AF-7A78-40CD-A4CD-497D73FCEBB9}.Debug|Any CPU.Deploy.0 = Debug|Any CPU
		{DEA657AF-7A78-40CD-A4CD-497D73FCEBB9}.Release|Any CPU.ActiveCfg = Release|Any CPU
		{DEA657AF-7A78-40CD-A4CD-497D73FCEBB9}.Release|Any CPU.Build.0 = Release|Any CPU
		{DEA657AF-7A78-40CD-A4CD-497D73FCEBB9}.Release|Any CPU.Deploy.0 = Release|Any CPU
		{A1BBBB0D-9595-4D7D-B41E-922B0A34E01C}.Debug|Any CPU.ActiveCfg = Debug|Any CPU
		{A1BBBB0D-9595-4D7D-B41E-922B0A34E01C}.Debug|Any CPU.Build.0 = Debug|Any CPU
		{A1BBBB0D-9595-4D7D-B41E-922B0A34E01C}.Release|Any CPU.ActiveCfg = Release|Any CPU
		{A1BBBB0D-9595-4D7D-B41E-922B0A34E01C}.Release|Any CPU.Build.0 = Release|Any CPU
	EndGlobalSection
	GlobalSection(SolutionProperties) = preSolution
		HideSolutionNode = FALSE
	EndGlobalSection
	GlobalSection(ExtensibilityGlobals) = postSolution
		SolutionGuid = {070994EC-071D-4B9E-9EB4-746F44174DA5}
	EndGlobalSection
EndGlobal
